
Microsoft Visual Studio Solution File, Format Version 12.00
# Visual Studio Version 17
VisualStudioVersion = 17.11.35303.130
MinimumVisualStudioVersion = 10.0.40219.1
Project("{9A19103F-16F7-4668-BE54-9A1E7A4F7556}") = "WebSecurityMachineLearning", "WebSecurityMachineLearning\WebSecurityMachineLearning.csproj", "{346B8752-53E6-4D4C-9D1A-336DB7E63855}"
EndProject
Project("{FAE04EC0-301F-11D3-BF4B-00C04F79EFBC}") = "NeuralNetwork", "NeuralNetwork\NeuralNetwork.csproj", "{5C5EDE42-05BB-4810-8384-B3280CC6BFEF}"
EndProject
Project("{FAE04EC0-301F-11D3-BF4B-00C04F79EFBC}") = "Mathematics", "Mathematics\Mathematics.csproj", "{113AD096-9DE2-45D9-ADC7-134632791129}"
EndProject
Project("{FAE04EC0-301F-11D3-BF4B-00C04F79EFBC}") = "Mathematics.Test", "Mathematics.Test\Mathematics.Test.csproj", "{8DF29ADD-3A58-4DC8-BE34-31D3836E9C76}"
EndProject
Global
	GlobalSection(SolutionConfigurationPlatforms) = preSolution
		Debug|Any CPU = Debug|Any CPU
		Release|Any CPU = Release|Any CPU
	EndGlobalSection
	GlobalSection(ProjectConfigurationPlatforms) = postSolution
		{346B8752-53E6-4D4C-9D1A-336DB7E63855}.Debug|Any CPU.ActiveCfg = Debug|Any CPU
		{346B8752-53E6-4D4C-9D1A-336DB7E63855}.Debug|Any CPU.Build.0 = Debug|Any CPU
		{346B8752-53E6-4D4C-9D1A-336DB7E63855}.Release|Any CPU.ActiveCfg = Release|Any CPU
		{346B8752-53E6-4D4C-9D1A-336DB7E63855}.Release|Any CPU.Build.0 = Release|Any CPU
		{5C5EDE42-05BB-4810-8384-B3280CC6BFEF}.Debug|Any CPU.ActiveCfg = Debug|Any CPU
		{5C5EDE42-05BB-4810-8384-B3280CC6BFEF}.Debug|Any CPU.Build.0 = Debug|Any CPU
		{5C5EDE42-05BB-4810-8384-B3280CC6BFEF}.Release|Any CPU.ActiveCfg = Release|Any CPU
		{5C5EDE42-05BB-4810-8384-B3280CC6BFEF}.Release|Any CPU.Build.0 = Release|Any CPU
		{113AD096-9DE2-45D9-ADC7-134632791129}.Debug|Any CPU.ActiveCfg = Debug|Any CPU
		{113AD096-9DE2-45D9-ADC7-134632791129}.Debug|Any CPU.Build.0 = Debug|Any CPU
		{113AD096-9DE2-45D9-ADC7-134632791129}.Release|Any CPU.ActiveCfg = Release|Any CPU
		{113AD096-9DE2-45D9-ADC7-134632791129}.Release|Any CPU.Build.0 = Release|Any CPU
		{8DF29ADD-3A58-4DC8-BE34-31D3836E9C76}.Debug|Any CPU.ActiveCfg = Debug|Any CPU
		{8DF29ADD-3A58-4DC8-BE34-31D3836E9C76}.Debug|Any CPU.Build.0 = Debug|Any CPU
		{8DF29ADD-3A58-4DC8-BE34-31D3836E9C76}.Release|Any CPU.ActiveCfg = Release|Any CPU
		{8DF29ADD-3A58-4DC8-BE34-31D3836E9C76}.Release|Any CPU.Build.0 = Release|Any CPU
	EndGlobalSection
	GlobalSection(SolutionProperties) = preSolution
		HideSolutionNode = FALSE
	EndGlobalSection
	GlobalSection(ExtensibilityGlobals) = postSolution
		SolutionGuid = {998BB053-25D2-41C5-A2F5-6F62A2EFD84A}
	EndGlobalSection
EndGlobal
